
Microsoft Visual Studio Solution File, Format Version 12.00
# Visual Studio Version 16
VisualStudioVersion = 16.0.30621.155
MinimumVisualStudioVersion = 10.0.40219.1
Project("{FAE04EC0-301F-11D3-BF4B-00C04F79EFBC}") = "GiamminLib", "GiamminLib\GiamminLib.csproj", "{A49F03A3-0842-4319-BA78-8A67E3DAAC9C}"
EndProject
Global
	GlobalSection(SolutionConfigurationPlatforms) = preSolution
		Debug|Any CPU = Debug|Any CPU
		Release|Any CPU = Release|Any CPU
	EndGlobalSection
	GlobalSection(ProjectConfigurationPlatforms) = postSolution
		{A49F03A3-0842-4319-BA78-8A67E3DAAC9C}.Debug|Any CPU.ActiveCfg = Debug|Any CPU
		{A49F03A3-0842-4319-BA78-8A67E3DAAC9C}.Debug|Any CPU.Build.0 = Debug|Any CPU
		{A49F03A3-0842-4319-BA78-8A67E3DAAC9C}.Release|Any CPU.ActiveCfg = Release|Any CPU
		{A49F03A3-0842-4319-BA78-8A67E3DAAC9C}.Release|Any CPU.Build.0 = Release|Any CPU
	EndGlobalSection
	GlobalSection(SolutionProperties) = preSolution
		HideSolutionNode = FALSE
	EndGlobalSection
	GlobalSection(ExtensibilityGlobals) = postSolution
		SolutionGuid = {C2799CD6-2B58-4F57-B73B-411E71EC4C68}
	EndGlobalSection
EndGlobal
